// !$*UTF8*$!
{
	archiveVersion = 1;
	classes = {
	};
	objectVersion = 46;
	objects = {

/* Begin PBXBuildFile section */
		B0C8C6BF26CA19FB00F816A2 /* Surge.framework in Frameworks */ = {isa = PBXBuildFile; fileRef = B055CBDB26CA19BB00A79B48 /* Surge.framework */; };
		B0C8C6C026CA19FB00F816A2 /* Surge.framework in Embed Frameworks */ = {isa = PBXBuildFile; fileRef = B055CBDB26CA19BB00A79B48 /* Surge.framework */; settings = {ATTRIBUTES = (CodeSignOnCopy, RemoveHeadersOnCopy, ); }; };
		BBB85EBB209D73EA00D68A47 /* ITunesLibrary.swift in Sources */ = {isa = PBXBuildFile; fileRef = BBB85EBA209D73EA00D68A47 /* ITunesLibrary.swift */; };
		BBC2FE8F20A3AB0800EE3CC0 /* GeneralUtil.swift in Sources */ = {isa = PBXBuildFile; fileRef = BBC2FE8E20A3AB0800EE3CC0 /* GeneralUtil.swift */; };
		BBD576AA1D243D2C00782A43 /* AppDelegate.swift in Sources */ = {isa = PBXBuildFile; fileRef = BBD576A91D243D2C00782A43 /* AppDelegate.swift */; };
		BBD576AC1D243D2C00782A43 /* ViewController.swift in Sources */ = {isa = PBXBuildFile; fileRef = BBD576AB1D243D2C00782A43 /* ViewController.swift */; };
		BBD576AF1D243D2C00782A43 /* SolPlayer_for_Mac.xcdatamodeld in Sources */ = {isa = PBXBuildFile; fileRef = BBD576AD1D243D2C00782A43 /* SolPlayer_for_Mac.xcdatamodeld */; };
		BBD576B11D243D2C00782A43 /* Assets.xcassets in Resources */ = {isa = PBXBuildFile; fileRef = BBD576B01D243D2C00782A43 /* Assets.xcassets */; };
		BBD576B41D243D2C00782A43 /* Main.storyboard in Resources */ = {isa = PBXBuildFile; fileRef = BBD576B21D243D2C00782A43 /* Main.storyboard */; };
		BBD576BF1D243D2C00782A43 /* SolPlayer_for_MacTests.swift in Sources */ = {isa = PBXBuildFile; fileRef = BBD576BE1D243D2C00782A43 /* SolPlayer_for_MacTests.swift */; };
		BBD576CA1D243D2C00782A43 /* SolPlayer_for_MacUITests.swift in Sources */ = {isa = PBXBuildFile; fileRef = BBD576C91D243D2C00782A43 /* SolPlayer_for_MacUITests.swift */; };
		BBD576D91D243D8500782A43 /* solPlayer_icon_bg.png in Resources */ = {isa = PBXBuildFile; fileRef = BBD576D81D243D8500782A43 /* solPlayer_icon_bg.png */; };
		BBD576DB1D24463A00782A43 /* play2.png in Resources */ = {isa = PBXBuildFile; fileRef = BBD576DA1D24463A00782A43 /* play2.png */; };
		BBD576DD1D24464200782A43 /* play2@2x.png in Resources */ = {isa = PBXBuildFile; fileRef = BBD576DC1D24464200782A43 /* play2@2x.png */; };
		BBD576DF1D24A8D200782A43 /* SolPlayer.swift in Sources */ = {isa = PBXBuildFile; fileRef = BBD576DE1D24A8D200782A43 /* SolPlayer.swift */; };
		BBD576E11D24B4DB00782A43 /* Song.swift in Sources */ = {isa = PBXBuildFile; fileRef = BBD576E01D24B4DB00782A43 /* Song.swift */; };
		BBD576E31D24B78400782A43 /* AppError.swift in Sources */ = {isa = PBXBuildFile; fileRef = BBD576E21D24B78400782A43 /* AppError.swift */; };
/* End PBXBuildFile section */

/* Begin PBXContainerItemProxy section */
		B055CBDA26CA19BB00A79B48 /* PBXContainerItemProxy */ = {
			isa = PBXContainerItemProxy;
			containerPortal = BB4D7CB91E21B085000EE2FC /* Surge.xcodeproj */;
			proxyType = 2;
			remoteGlobalIDString = 614AD31F1FC0AD99002BFE1C;
			remoteInfo = "Surge-macOS";
		};
		B055CBDC26CA19BB00A79B48 /* PBXContainerItemProxy */ = {
			isa = PBXContainerItemProxy;
			containerPortal = BB4D7CB91E21B085000EE2FC /* Surge.xcodeproj */;
			proxyType = 2;
			remoteGlobalIDString = 614AD3271FC0AD99002BFE1C;
			remoteInfo = "SurgeTests-macOS";
		};
		B055CBDE26CA19BB00A79B48 /* PBXContainerItemProxy */ = {
			isa = PBXContainerItemProxy;
			containerPortal = BB4D7CB91E21B085000EE2FC /* Surge.xcodeproj */;
			proxyType = 2;
			remoteGlobalIDString = 614AD3511FC0B001002BFE1C;
			remoteInfo = "Surge-tvOS";
		};
		B055CBE026CA19BB00A79B48 /* PBXContainerItemProxy */ = {
			isa = PBXContainerItemProxy;
			containerPortal = BB4D7CB91E21B085000EE2FC /* Surge.xcodeproj */;
			proxyType = 2;
			remoteGlobalIDString = 614AD3591FC0B001002BFE1C;
			remoteInfo = "SurgeTests-tvOS";
		};
		B055CBE226CA19BB00A79B48 /* PBXContainerItemProxy */ = {
			isa = PBXContainerItemProxy;
			containerPortal = BB4D7CB91E21B085000EE2FC /* Surge.xcodeproj */;
			proxyType = 2;
			remoteGlobalIDString = 614AD3821FC0B125002BFE1C;
			remoteInfo = "Surge-watchOS";
		};
		B055CBE426CA19BB00A79B48 /* PBXContainerItemProxy */ = {
			isa = PBXContainerItemProxy;
			containerPortal = BB4D7CB91E21B085000EE2FC /* Surge.xcodeproj */;
			proxyType = 2;
			remoteGlobalIDString = CAAF5007233A7B6700CC0AA7;
			remoteInfo = "SurgeBenchmarkTests-macOS";
		};
		BB4D7CBE1E21B085000EE2FC /* PBXContainerItemProxy */ = {
			isa = PBXContainerItemProxy;
			containerPortal = BB4D7CB91E21B085000EE2FC /* Surge.xcodeproj */;
			proxyType = 2;
			remoteGlobalIDString = F8A1E1AA19917A79009735E2;
			remoteInfo = Surge;
		};
		BB4D7CC01E21B085000EE2FC /* PBXContainerItemProxy */ = {
			isa = PBXContainerItemProxy;
			containerPortal = BB4D7CB91E21B085000EE2FC /* Surge.xcodeproj */;
			proxyType = 2;
			remoteGlobalIDString = F84A6AAE19A9A72F007B53E1;
			remoteInfo = SurgeTests;
		};
		BBD576BB1D243D2C00782A43 /* PBXContainerItemProxy */ = {
			isa = PBXContainerItemProxy;
			containerPortal = BBD5769E1D243D2C00782A43 /* Project object */;
			proxyType = 1;
			remoteGlobalIDString = BBD576A51D243D2C00782A43;
			remoteInfo = "SolPlayer for Mac";
		};
		BBD576C61D243D2C00782A43 /* PBXContainerItemProxy */ = {
			isa = PBXContainerItemProxy;
			containerPortal = BBD5769E1D243D2C00782A43 /* Project object */;
			proxyType = 1;
			remoteGlobalIDString = BBD576A51D243D2C00782A43;
			remoteInfo = "SolPlayer for Mac";
		};
/* End PBXContainerItemProxy section */

/* Begin PBXCopyFilesBuildPhase section */
		B0C8C6C126CA19FB00F816A2 /* Embed Frameworks */ = {
			isa = PBXCopyFilesBuildPhase;
			buildActionMask = 2147483647;
			dstPath = "";
			dstSubfolderSpec = 10;
			files = (
				B0C8C6C026CA19FB00F816A2 /* Surge.framework in Embed Frameworks */,
			);
			name = "Embed Frameworks";
			runOnlyForDeploymentPostprocessing = 0;
		};
/* End PBXCopyFilesBuildPhase section */

/* Begin PBXFileReference section */
		BB4D7CB91E21B085000EE2FC /* Surge.xcodeproj */ = {isa = PBXFileReference; lastKnownFileType = "wrapper.pb-project"; name = Surge.xcodeproj; path = Surge/Surge.xcodeproj; sourceTree = SOURCE_ROOT; };
		BBB85EBA209D73EA00D68A47 /* ITunesLibrary.swift */ = {isa = PBXFileReference; fileEncoding = 4; lastKnownFileType = sourcecode.swift; path = ITunesLibrary.swift; sourceTree = "<group>"; };
		BBC2FE8E20A3AB0800EE3CC0 /* GeneralUtil.swift */ = {isa = PBXFileReference; fileEncoding = 4; lastKnownFileType = sourcecode.swift; path = GeneralUtil.swift; sourceTree = "<group>"; };
		BBD576A61D243D2C00782A43 /* SolPlayer for Mac.app */ = {isa = PBXFileReference; explicitFileType = wrapper.application; includeInIndex = 0; path = "SolPlayer for Mac.app"; sourceTree = BUILT_PRODUCTS_DIR; };
		BBD576A91D243D2C00782A43 /* AppDelegate.swift */ = {isa = PBXFileReference; lastKnownFileType = sourcecode.swift; path = AppDelegate.swift; sourceTree = "<group>"; };
		BBD576AB1D243D2C00782A43 /* ViewController.swift */ = {isa = PBXFileReference; lastKnownFileType = sourcecode.swift; path = ViewController.swift; sourceTree = "<group>"; };
		BBD576AE1D243D2C00782A43 /* SolPlayer_for_Mac.xcdatamodel */ = {isa = PBXFileReference; lastKnownFileType = wrapper.xcdatamodel; path = SolPlayer_for_Mac.xcdatamodel; sourceTree = "<group>"; };
		BBD576B01D243D2C00782A43 /* Assets.xcassets */ = {isa = PBXFileReference; lastKnownFileType = folder.assetcatalog; path = Assets.xcassets; sourceTree = "<group>"; };
		BBD576B31D243D2C00782A43 /* Base */ = {isa = PBXFileReference; lastKnownFileType = file.storyboard; name = Base; path = Base.lproj/Main.storyboard; sourceTree = "<group>"; };
		BBD576B51D243D2C00782A43 /* Info.plist */ = {isa = PBXFileReference; lastKnownFileType = text.plist.xml; path = Info.plist; sourceTree = "<group>"; };
		BBD576BA1D243D2C00782A43 /* SolPlayer for MacTests.xctest */ = {isa = PBXFileReference; explicitFileType = wrapper.cfbundle; includeInIndex = 0; path = "SolPlayer for MacTests.xctest"; sourceTree = BUILT_PRODUCTS_DIR; };
		BBD576BE1D243D2C00782A43 /* SolPlayer_for_MacTests.swift */ = {isa = PBXFileReference; lastKnownFileType = sourcecode.swift; path = SolPlayer_for_MacTests.swift; sourceTree = "<group>"; };
		BBD576C01D243D2C00782A43 /* Info.plist */ = {isa = PBXFileReference; lastKnownFileType = text.plist.xml; path = Info.plist; sourceTree = "<group>"; };
		BBD576C51D243D2C00782A43 /* SolPlayer for MacUITests.xctest */ = {isa = PBXFileReference; explicitFileType = wrapper.cfbundle; includeInIndex = 0; path = "SolPlayer for MacUITests.xctest"; sourceTree = BUILT_PRODUCTS_DIR; };
		BBD576C91D243D2C00782A43 /* SolPlayer_for_MacUITests.swift */ = {isa = PBXFileReference; lastKnownFileType = sourcecode.swift; path = SolPlayer_for_MacUITests.swift; sourceTree = "<group>"; };
		BBD576CB1D243D2C00782A43 /* Info.plist */ = {isa = PBXFileReference; lastKnownFileType = text.plist.xml; path = Info.plist; sourceTree = "<group>"; };
		BBD576D81D243D8500782A43 /* solPlayer_icon_bg.png */ = {isa = PBXFileReference; lastKnownFileType = image.png; path = solPlayer_icon_bg.png; sourceTree = "<group>"; };
		BBD576DA1D24463A00782A43 /* play2.png */ = {isa = PBXFileReference; lastKnownFileType = image.png; path = play2.png; sourceTree = "<group>"; };
		BBD576DC1D24464200782A43 /* play2@2x.png */ = {isa = PBXFileReference; lastKnownFileType = image.png; path = "play2@2x.png"; sourceTree = "<group>"; };
		BBD576DE1D24A8D200782A43 /* SolPlayer.swift */ = {isa = PBXFileReference; fileEncoding = 4; lastKnownFileType = sourcecode.swift; path = SolPlayer.swift; sourceTree = "<group>"; };
		BBD576E01D24B4DB00782A43 /* Song.swift */ = {isa = PBXFileReference; fileEncoding = 4; lastKnownFileType = sourcecode.swift; path = Song.swift; sourceTree = "<group>"; };
		BBD576E21D24B78400782A43 /* AppError.swift */ = {isa = PBXFileReference; fileEncoding = 4; lastKnownFileType = sourcecode.swift; path = AppError.swift; sourceTree = "<group>"; };
/* End PBXFileReference section */

/* Begin PBXFrameworksBuildPhase section */
		BBD576A31D243D2C00782A43 /* Frameworks */ = {
			isa = PBXFrameworksBuildPhase;
			buildActionMask = 2147483647;
			files = (
				B0C8C6BF26CA19FB00F816A2 /* Surge.framework in Frameworks */,
			);
			runOnlyForDeploymentPostprocessing = 0;
		};
		BBD576B71D243D2C00782A43 /* Frameworks */ = {
			isa = PBXFrameworksBuildPhase;
			buildActionMask = 2147483647;
			files = (
			);
			runOnlyForDeploymentPostprocessing = 0;
		};
		BBD576C21D243D2C00782A43 /* Frameworks */ = {
			isa = PBXFrameworksBuildPhase;
			buildActionMask = 2147483647;
			files = (
			);
			runOnlyForDeploymentPostprocessing = 0;
		};
/* End PBXFrameworksBuildPhase section */

/* Begin PBXGroup section */
		B0C8C6B626CA19FB00F816A2 /* Frameworks */ = {
			isa = PBXGroup;
			children = (
			);
			name = Frameworks;
			sourceTree = "<group>";
		};
		BB4D7CBA1E21B085000EE2FC /* Products */ = {
			isa = PBXGroup;
			children = (
				BB4D7CBF1E21B085000EE2FC /* Surge.framework */,
				BB4D7CC11E21B085000EE2FC /* SurgeTests-iOS.xctest */,
				B055CBDB26CA19BB00A79B48 /* Surge.framework */,
				B055CBDD26CA19BB00A79B48 /* SurgeTests-macOS.xctest */,
				B055CBDF26CA19BB00A79B48 /* Surge.framework */,
				B055CBE126CA19BB00A79B48 /* SurgeTests-tvOS.xctest */,
				B055CBE326CA19BB00A79B48 /* Surge.framework */,
				B055CBE526CA19BB00A79B48 /* SurgeBenchmarkTests-macOS.xctest */,
			);
			name = Products;
			sourceTree = "<group>";
		};
		BBD5769D1D243D2C00782A43 = {
			isa = PBXGroup;
			children = (
				BBD576A81D243D2C00782A43 /* SolPlayer for Mac */,
				BBD576BD1D243D2C00782A43 /* SolPlayer for MacTests */,
				BBD576C81D243D2C00782A43 /* SolPlayer for MacUITests */,
				BBD576A71D243D2C00782A43 /* Products */,
				B0C8C6B626CA19FB00F816A2 /* Frameworks */,
			);
			sourceTree = "<group>";
		};
		BBD576A71D243D2C00782A43 /* Products */ = {
			isa = PBXGroup;
			children = (
				BBD576A61D243D2C00782A43 /* SolPlayer for Mac.app */,
				BBD576BA1D243D2C00782A43 /* SolPlayer for MacTests.xctest */,
				BBD576C51D243D2C00782A43 /* SolPlayer for MacUITests.xctest */,
			);
			name = Products;
			sourceTree = "<group>";
		};
		BBD576A81D243D2C00782A43 /* SolPlayer for Mac */ = {
			isa = PBXGroup;
			children = (
				BBD576A91D243D2C00782A43 /* AppDelegate.swift */,
				BBD576DE1D24A8D200782A43 /* SolPlayer.swift */,
				BBD576AB1D243D2C00782A43 /* ViewController.swift */,
				BBD576E01D24B4DB00782A43 /* Song.swift */,
				BBD576E21D24B78400782A43 /* AppError.swift */,
				BBD576D71D243D6500782A43 /* Images */,
				BBD576B01D243D2C00782A43 /* Assets.xcassets */,
				BBD576B21D243D2C00782A43 /* Main.storyboard */,
				BB4D7CB91E21B085000EE2FC /* Surge.xcodeproj */,
				BBD576B51D243D2C00782A43 /* Info.plist */,
				BBD576AD1D243D2C00782A43 /* SolPlayer_for_Mac.xcdatamodeld */,
				BBC2FE8E20A3AB0800EE3CC0 /* GeneralUtil.swift */,
				BBB85EBA209D73EA00D68A47 /* ITunesLibrary.swift */,
			);
			path = "SolPlayer for Mac";
			sourceTree = "<group>";
		};
		BBD576BD1D243D2C00782A43 /* SolPlayer for MacTests */ = {
			isa = PBXGroup;
			children = (
				BBD576BE1D243D2C00782A43 /* SolPlayer_for_MacTests.swift */,
				BBD576C01D243D2C00782A43 /* Info.plist */,
			);
			path = "SolPlayer for MacTests";
			sourceTree = "<group>";
		};
		BBD576C81D243D2C00782A43 /* SolPlayer for MacUITests */ = {
			isa = PBXGroup;
			children = (
				BBD576C91D243D2C00782A43 /* SolPlayer_for_MacUITests.swift */,
				BBD576CB1D243D2C00782A43 /* Info.plist */,
			);
			path = "SolPlayer for MacUITests";
			sourceTree = "<group>";
		};
		BBD576D71D243D6500782A43 /* Images */ = {
			isa = PBXGroup;
			children = (
				BBD576D81D243D8500782A43 /* solPlayer_icon_bg.png */,
				BBD576DA1D24463A00782A43 /* play2.png */,
				BBD576DC1D24464200782A43 /* play2@2x.png */,
			);
			name = Images;
			sourceTree = "<group>";
		};
/* End PBXGroup section */

/* Begin PBXNativeTarget section */
		BBD576A51D243D2C00782A43 /* SolPlayer for Mac */ = {
			isa = PBXNativeTarget;
			buildConfigurationList = BBD576CE1D243D2C00782A43 /* Build configuration list for PBXNativeTarget "SolPlayer for Mac" */;
			buildPhases = (
				BBD576A21D243D2C00782A43 /* Sources */,
				BBD576A31D243D2C00782A43 /* Frameworks */,
				BBD576A41D243D2C00782A43 /* Resources */,
				B0C8C6C126CA19FB00F816A2 /* Embed Frameworks */,
			);
			buildRules = (
			);
			dependencies = (
			);
			name = "SolPlayer for Mac";
			productName = "SolPlayer for Mac";
			productReference = BBD576A61D243D2C00782A43 /* SolPlayer for Mac.app */;
			productType = "com.apple.product-type.application";
		};
		BBD576B91D243D2C00782A43 /* SolPlayer for MacTests */ = {
			isa = PBXNativeTarget;
			buildConfigurationList = BBD576D11D243D2C00782A43 /* Build configuration list for PBXNativeTarget "SolPlayer for MacTests" */;
			buildPhases = (
				BBD576B61D243D2C00782A43 /* Sources */,
				BBD576B71D243D2C00782A43 /* Frameworks */,
				BBD576B81D243D2C00782A43 /* Resources */,
			);
			buildRules = (
			);
			dependencies = (
				BBD576BC1D243D2C00782A43 /* PBXTargetDependency */,
			);
			name = "SolPlayer for MacTests";
			productName = "SolPlayer for MacTests";
			productReference = BBD576BA1D243D2C00782A43 /* SolPlayer for MacTests.xctest */;
			productType = "com.apple.product-type.bundle.unit-test";
		};
		BBD576C41D243D2C00782A43 /* SolPlayer for MacUITests */ = {
			isa = PBXNativeTarget;
			buildConfigurationList = BBD576D41D243D2C00782A43 /* Build configuration list for PBXNativeTarget "SolPlayer for MacUITests" */;
			buildPhases = (
				BBD576C11D243D2C00782A43 /* Sources */,
				BBD576C21D243D2C00782A43 /* Frameworks */,
				BBD576C31D243D2C00782A43 /* Resources */,
			);
			buildRules = (
			);
			dependencies = (
				BBD576C71D243D2C00782A43 /* PBXTargetDependency */,
			);
			name = "SolPlayer for MacUITests";
			productName = "SolPlayer for MacUITests";
			productReference = BBD576C51D243D2C00782A43 /* SolPlayer for MacUITests.xctest */;
			productType = "com.apple.product-type.bundle.ui-testing";
		};
/* End PBXNativeTarget section */

/* Begin PBXProject section */
		BBD5769E1D243D2C00782A43 /* Project object */ = {
			isa = PBXProject;
			attributes = {
				LastSwiftUpdateCheck = 0730;
				LastUpgradeCheck = 0810;
				ORGANIZATIONNAME = "Morioka Naoya";
				TargetAttributes = {
					BBD576A51D243D2C00782A43 = {
						CreatedOnToolsVersion = 7.3.1;
					};
					BBD576B91D243D2C00782A43 = {
						CreatedOnToolsVersion = 7.3.1;
						LastSwiftMigration = 0810;
						TestTargetID = BBD576A51D243D2C00782A43;
					};
					BBD576C41D243D2C00782A43 = {
						CreatedOnToolsVersion = 7.3.1;
						LastSwiftMigration = 0810;
						TestTargetID = BBD576A51D243D2C00782A43;
					};
				};
			};
			buildConfigurationList = BBD576A11D243D2C00782A43 /* Build configuration list for PBXProject "SolPlayer for Mac" */;
			compatibilityVersion = "Xcode 3.2";
			developmentRegion = English;
			hasScannedForEncodings = 0;
			knownRegions = (
				English,
				en,
				Base,
			);
			mainGroup = BBD5769D1D243D2C00782A43;
			productRefGroup = BBD576A71D243D2C00782A43 /* Products */;
			projectDirPath = "";
			projectReferences = (
				{
					ProductGroup = BB4D7CBA1E21B085000EE2FC /* Products */;
					ProjectRef = BB4D7CB91E21B085000EE2FC /* Surge.xcodeproj */;
				},
			);
			projectRoot = "";
			targets = (
				BBD576A51D243D2C00782A43 /* SolPlayer for Mac */,
				BBD576B91D243D2C00782A43 /* SolPlayer for MacTests */,
				BBD576C41D243D2C00782A43 /* SolPlayer for MacUITests */,
			);
		};
/* End PBXProject section */

/* Begin PBXReferenceProxy section */
		B055CBDB26CA19BB00A79B48 /* Surge.framework */ = {
			isa = PBXReferenceProxy;
			fileType = wrapper.framework;
			path = Surge.framework;
			remoteRef = B055CBDA26CA19BB00A79B48 /* PBXContainerItemProxy */;
			sourceTree = BUILT_PRODUCTS_DIR;
		};
		B055CBDD26CA19BB00A79B48 /* SurgeTests-macOS.xctest */ = {
			isa = PBXReferenceProxy;
			fileType = wrapper.cfbundle;
			path = "SurgeTests-macOS.xctest";
			remoteRef = B055CBDC26CA19BB00A79B48 /* PBXContainerItemProxy */;
			sourceTree = BUILT_PRODUCTS_DIR;
		};
		B055CBDF26CA19BB00A79B48 /* Surge.framework */ = {
			isa = PBXReferenceProxy;
			fileType = wrapper.framework;
			path = Surge.framework;
			remoteRef = B055CBDE26CA19BB00A79B48 /* PBXContainerItemProxy */;
			sourceTree = BUILT_PRODUCTS_DIR;
		};
		B055CBE126CA19BB00A79B48 /* SurgeTests-tvOS.xctest */ = {
			isa = PBXReferenceProxy;
			fileType = wrapper.cfbundle;
			path = "SurgeTests-tvOS.xctest";
			remoteRef = B055CBE026CA19BB00A79B48 /* PBXContainerItemProxy */;
			sourceTree = BUILT_PRODUCTS_DIR;
		};
		B055CBE326CA19BB00A79B48 /* Surge.framework */ = {
			isa = PBXReferenceProxy;
			fileType = wrapper.framework;
			path = Surge.framework;
			remoteRef = B055CBE226CA19BB00A79B48 /* PBXContainerItemProxy */;
			sourceTree = BUILT_PRODUCTS_DIR;
		};
		B055CBE526CA19BB00A79B48 /* SurgeBenchmarkTests-macOS.xctest */ = {
			isa = PBXReferenceProxy;
			fileType = wrapper.cfbundle;
			path = "SurgeBenchmarkTests-macOS.xctest";
			remoteRef = B055CBE426CA19BB00A79B48 /* PBXContainerItemProxy */;
			sourceTree = BUILT_PRODUCTS_DIR;
		};
		BB4D7CBF1E21B085000EE2FC /* Surge.framework */ = {
			isa = PBXReferenceProxy;
			fileType = wrapper.framework;
			path = Surge.framework;
			remoteRef = BB4D7CBE1E21B085000EE2FC /* PBXContainerItemProxy */;
			sourceTree = BUILT_PRODUCTS_DIR;
		};
		BB4D7CC11E21B085000EE2FC /* SurgeTests-iOS.xctest */ = {
			isa = PBXReferenceProxy;
			fileType = wrapper.cfbundle;
			path = "SurgeTests-iOS.xctest";
			remoteRef = BB4D7CC01E21B085000EE2FC /* PBXContainerItemProxy */;
			sourceTree = BUILT_PRODUCTS_DIR;
		};
/* End PBXReferenceProxy section */

/* Begin PBXResourcesBuildPhase section */
		BBD576A41D243D2C00782A43 /* Resources */ = {
			isa = PBXResourcesBuildPhase;
			buildActionMask = 2147483647;
			files = (
				BBD576DB1D24463A00782A43 /* play2.png in Resources */,
				BBD576B11D243D2C00782A43 /* Assets.xcassets in Resources */,
				BBD576D91D243D8500782A43 /* solPlayer_icon_bg.png in Resources */,
				BBD576B41D243D2C00782A43 /* Main.storyboard in Resources */,
				BBD576DD1D24464200782A43 /* play2@2x.png in Resources */,
			);
			runOnlyForDeploymentPostprocessing = 0;
		};
		BBD576B81D243D2C00782A43 /* Resources */ = {
			isa = PBXResourcesBuildPhase;
			buildActionMask = 2147483647;
			files = (
			);
			runOnlyForDeploymentPostprocessing = 0;
		};
		BBD576C31D243D2C00782A43 /* Resources */ = {
			isa = PBXResourcesBuildPhase;
			buildActionMask = 2147483647;
			files = (
			);
			runOnlyForDeploymentPostprocessing = 0;
		};
/* End PBXResourcesBuildPhase section */

/* Begin PBXSourcesBuildPhase section */
		BBD576A21D243D2C00782A43 /* Sources */ = {
			isa = PBXSourcesBuildPhase;
			buildActionMask = 2147483647;
			files = (
				BBD576AF1D243D2C00782A43 /* SolPlayer_for_Mac.xcdatamodeld in Sources */,
				BBB85EBB209D73EA00D68A47 /* ITunesLibrary.swift in Sources */,
				BBD576E11D24B4DB00782A43 /* Song.swift in Sources */,
				BBD576E31D24B78400782A43 /* AppError.swift in Sources */,
				BBC2FE8F20A3AB0800EE3CC0 /* GeneralUtil.swift in Sources */,
				BBD576DF1D24A8D200782A43 /* SolPlayer.swift in Sources */,
				BBD576AC1D243D2C00782A43 /* ViewController.swift in Sources */,
				BBD576AA1D243D2C00782A43 /* AppDelegate.swift in Sources */,
			);
			runOnlyForDeploymentPostprocessing = 0;
		};
		BBD576B61D243D2C00782A43 /* Sources */ = {
			isa = PBXSourcesBuildPhase;
			buildActionMask = 2147483647;
			files = (
				BBD576BF1D243D2C00782A43 /* SolPlayer_for_MacTests.swift in Sources */,
			);
			runOnlyForDeploymentPostprocessing = 0;
		};
		BBD576C11D243D2C00782A43 /* Sources */ = {
			isa = PBXSourcesBuildPhase;
			buildActionMask = 2147483647;
			files = (
				BBD576CA1D243D2C00782A43 /* SolPlayer_for_MacUITests.swift in Sources */,
			);
			runOnlyForDeploymentPostprocessing = 0;
		};
/* End PBXSourcesBuildPhase section */

/* Begin PBXTargetDependency section */
		BBD576BC1D243D2C00782A43 /* PBXTargetDependency */ = {
			isa = PBXTargetDependency;
			target = BBD576A51D243D2C00782A43 /* SolPlayer for Mac */;
			targetProxy = BBD576BB1D243D2C00782A43 /* PBXContainerItemProxy */;
		};
		BBD576C71D243D2C00782A43 /* PBXTargetDependency */ = {
			isa = PBXTargetDependency;
			target = BBD576A51D243D2C00782A43 /* SolPlayer for Mac */;
			targetProxy = BBD576C61D243D2C00782A43 /* PBXContainerItemProxy */;
		};
/* End PBXTargetDependency section */

/* Begin PBXVariantGroup section */
		BBD576B21D243D2C00782A43 /* Main.storyboard */ = {
			isa = PBXVariantGroup;
			children = (
				BBD576B31D243D2C00782A43 /* Base */,
			);
			name = Main.storyboard;
			sourceTree = "<group>";
		};
/* End PBXVariantGroup section */

/* Begin XCBuildConfiguration section */
		BBD576CC1D243D2C00782A43 /* Debug */ = {
			isa = XCBuildConfiguration;
			buildSettings = {
				ALWAYS_SEARCH_USER_PATHS = NO;
				CLANG_ANALYZER_NONNULL = YES;
				CLANG_CXX_LANGUAGE_STANDARD = "gnu++0x";
				CLANG_CXX_LIBRARY = "libc++";
				CLANG_ENABLE_MODULES = YES;
				CLANG_ENABLE_OBJC_ARC = YES;
				CLANG_WARN_BOOL_CONVERSION = YES;
				CLANG_WARN_CONSTANT_CONVERSION = YES;
				CLANG_WARN_DIRECT_OBJC_ISA_USAGE = YES_ERROR;
				CLANG_WARN_EMPTY_BODY = YES;
				CLANG_WARN_ENUM_CONVERSION = YES;
				CLANG_WARN_INFINITE_RECURSION = YES;
				CLANG_WARN_INT_CONVERSION = YES;
				CLANG_WARN_OBJC_ROOT_CLASS = YES_ERROR;
				CLANG_WARN_SUSPICIOUS_MOVE = YES;
				CLANG_WARN_UNREACHABLE_CODE = YES;
				CLANG_WARN__DUPLICATE_METHOD_MATCH = YES;
				CODE_SIGN_IDENTITY = "-";
				COPY_PHASE_STRIP = NO;
				DEBUG_INFORMATION_FORMAT = dwarf;
				ENABLE_STRICT_OBJC_MSGSEND = YES;
				ENABLE_TESTABILITY = YES;
				GCC_C_LANGUAGE_STANDARD = gnu99;
				GCC_DYNAMIC_NO_PIC = NO;
				GCC_NO_COMMON_BLOCKS = YES;
				GCC_OPTIMIZATION_LEVEL = 0;
				GCC_PREPROCESSOR_DEFINITIONS = (
					"DEBUG=1",
					"$(inherited)",
				);
				GCC_WARN_64_TO_32_BIT_CONVERSION = YES;
				GCC_WARN_ABOUT_RETURN_TYPE = YES_ERROR;
				GCC_WARN_UNDECLARED_SELECTOR = YES;
				GCC_WARN_UNINITIALIZED_AUTOS = YES_AGGRESSIVE;
				GCC_WARN_UNUSED_FUNCTION = YES;
				GCC_WARN_UNUSED_VARIABLE = YES;
				MACOSX_DEPLOYMENT_TARGET = 10.11;
				MTL_ENABLE_DEBUG_INFO = YES;
				ONLY_ACTIVE_ARCH = YES;
				SDKROOT = macosx;
				SWIFT_OPTIMIZATION_LEVEL = "-Onone";
			};
			name = Debug;
		};
		BBD576CD1D243D2C00782A43 /* Release */ = {
			isa = XCBuildConfiguration;
			buildSettings = {
				ALWAYS_SEARCH_USER_PATHS = NO;
				CLANG_ANALYZER_NONNULL = YES;
				CLANG_CXX_LANGUAGE_STANDARD = "gnu++0x";
				CLANG_CXX_LIBRARY = "libc++";
				CLANG_ENABLE_MODULES = YES;
				CLANG_ENABLE_OBJC_ARC = YES;
				CLANG_WARN_BOOL_CONVERSION = YES;
				CLANG_WARN_CONSTANT_CONVERSION = YES;
				CLANG_WARN_DIRECT_OBJC_ISA_USAGE = YES_ERROR;
				CLANG_WARN_EMPTY_BODY = YES;
				CLANG_WARN_ENUM_CONVERSION = YES;
				CLANG_WARN_INFINITE_RECURSION = YES;
				CLANG_WARN_INT_CONVERSION = YES;
				CLANG_WARN_OBJC_ROOT_CLASS = YES_ERROR;
				CLANG_WARN_SUSPICIOUS_MOVE = YES;
				CLANG_WARN_UNREACHABLE_CODE = YES;
				CLANG_WARN__DUPLICATE_METHOD_MATCH = YES;
				CODE_SIGN_IDENTITY = "-";
				COPY_PHASE_STRIP = NO;
				DEBUG_INFORMATION_FORMAT = "dwarf-with-dsym";
				ENABLE_NS_ASSERTIONS = NO;
				ENABLE_STRICT_OBJC_MSGSEND = YES;
				GCC_C_LANGUAGE_STANDARD = gnu99;
				GCC_NO_COMMON_BLOCKS = YES;
				GCC_WARN_64_TO_32_BIT_CONVERSION = YES;
				GCC_WARN_ABOUT_RETURN_TYPE = YES_ERROR;
				GCC_WARN_UNDECLARED_SELECTOR = YES;
				GCC_WARN_UNINITIALIZED_AUTOS = YES_AGGRESSIVE;
				GCC_WARN_UNUSED_FUNCTION = YES;
				GCC_WARN_UNUSED_VARIABLE = YES;
				MACOSX_DEPLOYMENT_TARGET = 10.11;
				MTL_ENABLE_DEBUG_INFO = NO;
				SDKROOT = macosx;
				SWIFT_OPTIMIZATION_LEVEL = "-Owholemodule";
			};
			name = Release;
		};
		BBD576CF1D243D2C00782A43 /* Debug */ = {
			isa = XCBuildConfiguration;
			buildSettings = {
				ASSETCATALOG_COMPILER_APPICON_NAME = AppIcon;
				COMBINE_HIDPI_IMAGES = YES;
				INFOPLIST_FILE = "SolPlayer for Mac/Info.plist";
				LD_RUNPATH_SEARCH_PATHS = "$(inherited) @executable_path/../Frameworks";
				MACOSX_DEPLOYMENT_TARGET = 10.11;
				PRODUCT_BUNDLE_IDENTIFIER = "jp.foresthill.SolPlayer-for-Mac";
				PRODUCT_NAME = "$(TARGET_NAME)";
				SWIFT_VERSION = 2.3;
			};
			name = Debug;
		};
		BBD576D01D243D2C00782A43 /* Release */ = {
			isa = XCBuildConfiguration;
			buildSettings = {
				ASSETCATALOG_COMPILER_APPICON_NAME = AppIcon;
				COMBINE_HIDPI_IMAGES = YES;
				INFOPLIST_FILE = "SolPlayer for Mac/Info.plist";
				LD_RUNPATH_SEARCH_PATHS = "$(inherited) @executable_path/../Frameworks";
				MACOSX_DEPLOYMENT_TARGET = 10.11;
				PRODUCT_BUNDLE_IDENTIFIER = "jp.foresthill.SolPlayer-for-Mac";
				PRODUCT_NAME = "$(TARGET_NAME)";
				SWIFT_VERSION = 2.3;
			};
			name = Release;
		};
		BBD576D21D243D2C00782A43 /* Debug */ = {
			isa = XCBuildConfiguration;
			buildSettings = {
				BUNDLE_LOADER = "$(TEST_HOST)";
				COMBINE_HIDPI_IMAGES = YES;
				INFOPLIST_FILE = "SolPlayer for MacTests/Info.plist";
				LD_RUNPATH_SEARCH_PATHS = "$(inherited) @executable_path/../Frameworks @loader_path/../Frameworks";
				PRODUCT_BUNDLE_IDENTIFIER = "jp.foresthill.SolPlayer-for-MacTests";
				PRODUCT_NAME = "$(TARGET_NAME)";
				SWIFT_VERSION = 2.3;
				TEST_HOST = "$(BUILT_PRODUCTS_DIR)/SolPlayer for Mac.app/Contents/MacOS/SolPlayer for Mac";
			};
			name = Debug;
		};
		BBD576D31D243D2C00782A43 /* Release */ = {
			isa = XCBuildConfiguration;
			buildSettings = {
				BUNDLE_LOADER = "$(TEST_HOST)";
				COMBINE_HIDPI_IMAGES = YES;
				INFOPLIST_FILE = "SolPlayer for MacTests/Info.plist";
				LD_RUNPATH_SEARCH_PATHS = "$(inherited) @executable_path/../Frameworks @loader_path/../Frameworks";
				PRODUCT_BUNDLE_IDENTIFIER = "jp.foresthill.SolPlayer-for-MacTests";
				PRODUCT_NAME = "$(TARGET_NAME)";
				SWIFT_VERSION = 2.3;
				TEST_HOST = "$(BUILT_PRODUCTS_DIR)/SolPlayer for Mac.app/Contents/MacOS/SolPlayer for Mac";
			};
			name = Release;
		};
		BBD576D51D243D2C00782A43 /* Debug */ = {
			isa = XCBuildConfiguration;
			buildSettings = {
				COMBINE_HIDPI_IMAGES = YES;
				INFOPLIST_FILE = "SolPlayer for MacUITests/Info.plist";
				LD_RUNPATH_SEARCH_PATHS = "$(inherited) @executable_path/../Frameworks @loader_path/../Frameworks";
				PRODUCT_BUNDLE_IDENTIFIER = "jp.foresthill.SolPlayer-for-MacUITests";
				PRODUCT_NAME = "$(TARGET_NAME)";
				SWIFT_VERSION = 2.3;
				TEST_TARGET_NAME = "SolPlayer for Mac";
			};
			name = Debug;
		};
		BBD576D61D243D2C00782A43 /* Release */ = {
			isa = XCBuildConfiguration;
			buildSettings = {
				COMBINE_HIDPI_IMAGES = YES;
				INFOPLIST_FILE = "SolPlayer for MacUITests/Info.plist";
				LD_RUNPATH_SEARCH_PATHS = "$(inherited) @executable_path/../Frameworks @loader_path/../Frameworks";
				PRODUCT_BUNDLE_IDENTIFIER = "jp.foresthill.SolPlayer-for-MacUITests";
				PRODUCT_NAME = "$(TARGET_NAME)";
				SWIFT_VERSION = 2.3;
				TEST_TARGET_NAME = "SolPlayer for Mac";
			};
			name = Release;
		};
/* End XCBuildConfiguration section */

/* Begin XCConfigurationList section */
		BBD576A11D243D2C00782A43 /* Build configuration list for PBXProject "SolPlayer for Mac" */ = {
			isa = XCConfigurationList;
			buildConfigurations = (
				BBD576CC1D243D2C00782A43 /* Debug */,
				BBD576CD1D243D2C00782A43 /* Release */,
			);
			defaultConfigurationIsVisible = 0;
			defaultConfigurationName = Release;
		};
		BBD576CE1D243D2C00782A43 /* Build configuration list for PBXNativeTarget "SolPlayer for Mac" */ = {
			isa = XCConfigurationList;
			buildConfigurations = (
				BBD576CF1D243D2C00782A43 /* Debug */,
				BBD576D01D243D2C00782A43 /* Release */,
			);
			defaultConfigurationIsVisible = 0;
			defaultConfigurationName = Release;
		};
		BBD576D11D243D2C00782A43 /* Build configuration list for PBXNativeTarget "SolPlayer for MacTests" */ = {
			isa = XCConfigurationList;
			buildConfigurations = (
				BBD576D21D243D2C00782A43 /* Debug */,
				BBD576D31D243D2C00782A43 /* Release */,
			);
			defaultConfigurationIsVisible = 0;
			defaultConfigurationName = Release;
		};
		BBD576D41D243D2C00782A43 /* Build configuration list for PBXNativeTarget "SolPlayer for MacUITests" */ = {
			isa = XCConfigurationList;
			buildConfigurations = (
				BBD576D51D243D2C00782A43 /* Debug */,
				BBD576D61D243D2C00782A43 /* Release */,
			);
			defaultConfigurationIsVisible = 0;
			defaultConfigurationName = Release;
		};
/* End XCConfigurationList section */

/* Begin XCVersionGroup section */
		BBD576AD1D243D2C00782A43 /* SolPlayer_for_Mac.xcdatamodeld */ = {
			isa = XCVersionGroup;
			children = (
				BBD576AE1D243D2C00782A43 /* SolPlayer_for_Mac.xcdatamodel */,
			);
			currentVersion = BBD576AE1D243D2C00782A43 /* SolPlayer_for_Mac.xcdatamodel */;
			path = SolPlayer_for_Mac.xcdatamodeld;
			sourceTree = "<group>";
			versionGroupType = wrapper.xcdatamodel;
		};
/* End XCVersionGroup section */
	};
	rootObject = BBD5769E1D243D2C00782A43 /* Project object */;
}
